
Microsoft Visual Studio Solution File, Format Version 12.00
# Visual Studio Version 17
VisualStudioVersion = 17.13.35931.197 d17.13
MinimumVisualStudioVersion = 10.0.40219.1
Project("{8BC9CEB8-8B4A-11D0-8D11-00A0C91BC942}") = "program", "program\program.vcxproj", "{044FA982-77D0-49AD-8C4B-2435217C0F87}"
EndProject
Project("{8BC9CEB8-8B4A-11D0-8D11-00A0C91BC942}") = "Test_lab", "Test_lab\Test_lab.vcxproj", "{30FCCDB4-7B28-465C-AF4C-AA06DD9B0C3F}"
EndProject
Project("{2150E333-8FDC-42A3-9474-1A3956D46DE8}") = ".github", ".github", "{36D591C7-65C7-A0D1-1CBC-10CDE441BDC8}"
EndProject
Project("{2150E333-8FDC-42A3-9474-1A3956D46DE8}") = "workflows", "workflows", "{261E8594-7FDF-4E65-8BC3-1DDE577959E4}"
	ProjectSection(SolutionItems) = preProject
		docker-cpp.yml = docker-cpp.yml
	EndProjectSection
EndProject
Global
	GlobalSection(SolutionConfigurationPlatforms) = preSolution
		Debug|x64 = Debug|x64
		Debug|x86 = Debug|x86
		Release|x64 = Release|x64
		Release|x86 = Release|x86
	EndGlobalSection
	GlobalSection(ProjectConfigurationPlatforms) = postSolution
		{044FA982-77D0-49AD-8C4B-2435217C0F87}.Debug|x64.ActiveCfg = Debug|x64
		{044FA982-77D0-49AD-8C4B-2435217C0F87}.Debug|x64.Build.0 = Debug|x64
		{044FA982-77D0-49AD-8C4B-2435217C0F87}.Debug|x86.ActiveCfg = Debug|Win32
		{044FA982-77D0-49AD-8C4B-2435217C0F87}.Debug|x86.Build.0 = Debug|Win32
		{044FA982-77D0-49AD-8C4B-2435217C0F87}.Release|x64.ActiveCfg = Release|x64
		{044FA982-77D0-49AD-8C4B-2435217C0F87}.Release|x64.Build.0 = Release|x64
		{044FA982-77D0-49AD-8C4B-2435217C0F87}.Release|x86.ActiveCfg = Release|Win32
		{044FA982-77D0-49AD-8C4B-2435217C0F87}.Release|x86.Build.0 = Release|Win32
		{30FCCDB4-7B28-465C-AF4C-AA06DD9B0C3F}.Debug|x64.ActiveCfg = Debug|x64
		{30FCCDB4-7B28-465C-AF4C-AA06DD9B0C3F}.Debug|x64.Build.0 = Debug|x64
		{30FCCDB4-7B28-465C-AF4C-AA06DD9B0C3F}.Debug|x86.ActiveCfg = Debug|Win32
		{30FCCDB4-7B28-465C-AF4C-AA06DD9B0C3F}.Debug|x86.Build.0 = Debug|Win32
		{30FCCDB4-7B28-465C-AF4C-AA06DD9B0C3F}.Release|x64.ActiveCfg = Release|x64
		{30FCCDB4-7B28-465C-AF4C-AA06DD9B0C3F}.Release|x64.Build.0 = Release|x64
		{30FCCDB4-7B28-465C-AF4C-AA06DD9B0C3F}.Release|x86.ActiveCfg = Release|Win32
		{30FCCDB4-7B28-465C-AF4C-AA06DD9B0C3F}.Release|x86.Build.0 = Release|Win32
	EndGlobalSection
	GlobalSection(SolutionProperties) = preSolution
		HideSolutionNode = FALSE
	EndGlobalSection
	GlobalSection(NestedProjects) = preSolution
		{261E8594-7FDF-4E65-8BC3-1DDE577959E4} = {36D591C7-65C7-A0D1-1CBC-10CDE441BDC8}
	EndGlobalSection
	GlobalSection(ExtensibilityGlobals) = postSolution
		SolutionGuid = {24425773-5196-4F02-839E-60379ADDD05A}
	EndGlobalSection
EndGlobal
